
Microsoft Visual Studio Solution File, Format Version 12.00
# Visual Studio Version 16
VisualStudioVersion = 16.0.31129.286
MinimumVisualStudioVersion = 10.0.40219.1
Project("{FAE04EC0-301F-11D3-BF4B-00C04F79EFBC}") = "Schulte_Table", "Schulte_Table\Schulte_Table.csproj", "{1476C57D-A5EA-440B-9790-3AD427007D18}"
EndProject
Global
	GlobalSection(SolutionConfigurationPlatforms) = preSolution
		Debug|Any CPU = Debug|Any CPU
		Release|Any CPU = Release|Any CPU
	EndGlobalSection
	GlobalSection(ProjectConfigurationPlatforms) = postSolution
		{1476C57D-A5EA-440B-9790-3AD427007D18}.Debug|Any CPU.ActiveCfg = Debug|Any CPU
		{1476C57D-A5EA-440B-9790-3AD427007D18}.Debug|Any CPU.Build.0 = Debug|Any CPU
		{1476C57D-A5EA-440B-9790-3AD427007D18}.Release|Any CPU.ActiveCfg = Release|Any CPU
		{1476C57D-A5EA-440B-9790-3AD427007D18}.Release|Any CPU.Build.0 = Release|Any CPU
	EndGlobalSection
	GlobalSection(SolutionProperties) = preSolution
		HideSolutionNode = FALSE
	EndGlobalSection
	GlobalSection(ExtensibilityGlobals) = postSolution
		SolutionGuid = {D7619A17-53B4-4807-A551-CACC88D93FD6}
	EndGlobalSection
EndGlobal
